
Microsoft Visual Studio Solution File, Format Version 12.00
# Visual Studio Version 16
VisualStudioVersion = 16.0.30011.22
MinimumVisualStudioVersion = 10.0.40219.1
Project("{FAE04EC0-301F-11D3-BF4B-00C04F79EFBC}") = "DvdCollection.Web", "DvdCollection.Web\DvdCollection.Web.csproj", "{5936965A-0C64-40B0-8707-2CC4E18C32FB}"
EndProject
Project("{FAE04EC0-301F-11D3-BF4B-00C04F79EFBC}") = "DvdCollection.Core", "DvdCollection.Core\DvdCollection.Core.csproj", "{010EA004-6B16-4C25-BDF0-AD485049D7CD}"
EndProject
Project("{FAE04EC0-301F-11D3-BF4B-00C04F79EFBC}") = "DvdCollection.Data", "DvdCollection.Data\DvdCollection.Data.csproj", "{6F223821-736C-45FE-B74F-EE1874211FDE}"
EndProject
Global
	GlobalSection(SolutionConfigurationPlatforms) = preSolution
		Debug|Any CPU = Debug|Any CPU
		Release|Any CPU = Release|Any CPU
	EndGlobalSection
	GlobalSection(ProjectConfigurationPlatforms) = postSolution
		{5936965A-0C64-40B0-8707-2CC4E18C32FB}.Debug|Any CPU.ActiveCfg = Debug|Any CPU
		{5936965A-0C64-40B0-8707-2CC4E18C32FB}.Debug|Any CPU.Build.0 = Debug|Any CPU
		{5936965A-0C64-40B0-8707-2CC4E18C32FB}.Release|Any CPU.ActiveCfg = Release|Any CPU
		{5936965A-0C64-40B0-8707-2CC4E18C32FB}.Release|Any CPU.Build.0 = Release|Any CPU
		{010EA004-6B16-4C25-BDF0-AD485049D7CD}.Debug|Any CPU.ActiveCfg = Debug|Any CPU
		{010EA004-6B16-4C25-BDF0-AD485049D7CD}.Debug|Any CPU.Build.0 = Debug|Any CPU
		{010EA004-6B16-4C25-BDF0-AD485049D7CD}.Release|Any CPU.ActiveCfg = Release|Any CPU
		{010EA004-6B16-4C25-BDF0-AD485049D7CD}.Release|Any CPU.Build.0 = Release|Any CPU
		{6F223821-736C-45FE-B74F-EE1874211FDE}.Debug|Any CPU.ActiveCfg = Debug|Any CPU
		{6F223821-736C-45FE-B74F-EE1874211FDE}.Debug|Any CPU.Build.0 = Debug|Any CPU
		{6F223821-736C-45FE-B74F-EE1874211FDE}.Release|Any CPU.ActiveCfg = Release|Any CPU
		{6F223821-736C-45FE-B74F-EE1874211FDE}.Release|Any CPU.Build.0 = Release|Any CPU
	EndGlobalSection
	GlobalSection(SolutionProperties) = preSolution
		HideSolutionNode = FALSE
	EndGlobalSection
	GlobalSection(ExtensibilityGlobals) = postSolution
		SolutionGuid = {152AFA0B-3ED4-4FE1-B4FA-146904007629}
	EndGlobalSection
EndGlobal
