
Microsoft Visual Studio Solution File, Format Version 12.00
# Visual Studio Version 16
VisualStudioVersion = 16.0.30011.22
MinimumVisualStudioVersion = 10.0.40219.1
Project("{9A19103F-16F7-4668-BE54-9A1E7A4F7556}") = "DvdCollection.Web", "DvdCollection.Web\DvdCollection.Web.csproj", "{64CB38EA-E220-43CA-A05F-E047E52992D3}"
EndProject
Project("{9A19103F-16F7-4668-BE54-9A1E7A4F7556}") = "DvdCollection.Data", "DvdCollection.Data\DvdCollection.Data.csproj", "{968D81B7-E3A7-483E-AC97-4066817F99C2}"
EndProject
Project("{9A19103F-16F7-4668-BE54-9A1E7A4F7556}") = "DvdCollection.Core", "DvdCollection.Core\DvdCollection.Core.csproj", "{712267AF-406D-4BFE-B2A3-EE89AB94ABD7}"
EndProject
Project("{9A19103F-16F7-4668-BE54-9A1E7A4F7556}") = "DvdCollection.Tests", "DvdCollection.Tests\DvdCollection.Tests.csproj", "{BC5E38A8-B8F7-4558-8424-7A24457E203B}"
EndProject
Project("{FAE04EC0-301F-11D3-BF4B-00C04F79EFBC}") = "DvdCollection.ImportUi", "DvdCollection.ImportUi\DvdCollection.ImportUi.csproj", "{C51ECAD8-F8C2-4ECD-A121-CA9B868BDBF2}"
EndProject
Global
	GlobalSection(SolutionConfigurationPlatforms) = preSolution
		Debug|Any CPU = Debug|Any CPU
		Release|Any CPU = Release|Any CPU
	EndGlobalSection
	GlobalSection(ProjectConfigurationPlatforms) = postSolution
		{64CB38EA-E220-43CA-A05F-E047E52992D3}.Debug|Any CPU.ActiveCfg = Debug|Any CPU
		{64CB38EA-E220-43CA-A05F-E047E52992D3}.Debug|Any CPU.Build.0 = Debug|Any CPU
		{64CB38EA-E220-43CA-A05F-E047E52992D3}.Release|Any CPU.ActiveCfg = Release|Any CPU
		{64CB38EA-E220-43CA-A05F-E047E52992D3}.Release|Any CPU.Build.0 = Release|Any CPU
		{968D81B7-E3A7-483E-AC97-4066817F99C2}.Debug|Any CPU.ActiveCfg = Debug|Any CPU
		{968D81B7-E3A7-483E-AC97-4066817F99C2}.Debug|Any CPU.Build.0 = Debug|Any CPU
		{968D81B7-E3A7-483E-AC97-4066817F99C2}.Release|Any CPU.ActiveCfg = Release|Any CPU
		{968D81B7-E3A7-483E-AC97-4066817F99C2}.Release|Any CPU.Build.0 = Release|Any CPU
		{712267AF-406D-4BFE-B2A3-EE89AB94ABD7}.Debug|Any CPU.ActiveCfg = Debug|Any CPU
		{712267AF-406D-4BFE-B2A3-EE89AB94ABD7}.Debug|Any CPU.Build.0 = Debug|Any CPU
		{712267AF-406D-4BFE-B2A3-EE89AB94ABD7}.Release|Any CPU.ActiveCfg = Release|Any CPU
		{712267AF-406D-4BFE-B2A3-EE89AB94ABD7}.Release|Any CPU.Build.0 = Release|Any CPU
		{BC5E38A8-B8F7-4558-8424-7A24457E203B}.Debug|Any CPU.ActiveCfg = Debug|Any CPU
		{BC5E38A8-B8F7-4558-8424-7A24457E203B}.Debug|Any CPU.Build.0 = Debug|Any CPU
		{BC5E38A8-B8F7-4558-8424-7A24457E203B}.Release|Any CPU.ActiveCfg = Release|Any CPU
		{BC5E38A8-B8F7-4558-8424-7A24457E203B}.Release|Any CPU.Build.0 = Release|Any CPU
		{C51ECAD8-F8C2-4ECD-A121-CA9B868BDBF2}.Debug|Any CPU.ActiveCfg = Debug|Any CPU
		{C51ECAD8-F8C2-4ECD-A121-CA9B868BDBF2}.Debug|Any CPU.Build.0 = Debug|Any CPU
		{C51ECAD8-F8C2-4ECD-A121-CA9B868BDBF2}.Release|Any CPU.ActiveCfg = Release|Any CPU
		{C51ECAD8-F8C2-4ECD-A121-CA9B868BDBF2}.Release|Any CPU.Build.0 = Release|Any CPU
	EndGlobalSection
	GlobalSection(SolutionProperties) = preSolution
		HideSolutionNode = FALSE
	EndGlobalSection
	GlobalSection(ExtensibilityGlobals) = postSolution
		SolutionGuid = {39924150-F009-412A-856B-2775DBFF2646}
	EndGlobalSection
EndGlobal
